// !$*UTF8*$!
{
	archiveVersion = 1;
	classes = {
	};
	objectVersion = 46;
	objects = {

/* Begin PBXBuildFile section */
		A209AC3A1AB912550088FF07 /* cellStudents.m in Sources */ = {isa = PBXBuildFile; fileRef = A209AC381AB912550088FF07 /* cellStudents.m */; };
		A209AC3B1AB912550088FF07 /* cellStudents.xib in Resources */ = {isa = PBXBuildFile; fileRef = A209AC391AB912550088FF07 /* cellStudents.xib */; };
		D1FE9ABF1AB90B7F00ED0EC6 /* main.m in Sources */ = {isa = PBXBuildFile; fileRef = D1FE9ABE1AB90B7F00ED0EC6 /* main.m */; };
		D1FE9AC21AB90B7F00ED0EC6 /* AppDelegate.m in Sources */ = {isa = PBXBuildFile; fileRef = D1FE9AC11AB90B7F00ED0EC6 /* AppDelegate.m */; };
		D1FE9AC51AB90B7F00ED0EC6 /* json_Tutorial.xcdatamodeld in Sources */ = {isa = PBXBuildFile; fileRef = D1FE9AC31AB90B7F00ED0EC6 /* json_Tutorial.xcdatamodeld */; };
		D1FE9AC81AB90B7F00ED0EC6 /* ViewController.m in Sources */ = {isa = PBXBuildFile; fileRef = D1FE9AC71AB90B7F00ED0EC6 /* ViewController.m */; };
		D1FE9ACB1AB90B7F00ED0EC6 /* Main.storyboard in Resources */ = {isa = PBXBuildFile; fileRef = D1FE9AC91AB90B7F00ED0EC6 /* Main.storyboard */; };
		D1FE9ACD1AB90B7F00ED0EC6 /* Images.xcassets in Resources */ = {isa = PBXBuildFile; fileRef = D1FE9ACC1AB90B7F00ED0EC6 /* Images.xcassets */; };
		D1FE9AD01AB90B7F00ED0EC6 /* LaunchScreen.xib in Resources */ = {isa = PBXBuildFile; fileRef = D1FE9ACE1AB90B7F00ED0EC6 /* LaunchScreen.xib */; };
		D1FE9ADC1AB90B7F00ED0EC6 /* json_TutorialTests.m in Sources */ = {isa = PBXBuildFile; fileRef = D1FE9ADB1AB90B7F00ED0EC6 /* json_TutorialTests.m */; };
		D1FE9B011AB90C6500ED0EC6 /* NSObject+SBJson.m in Sources */ = {isa = PBXBuildFile; fileRef = D1FE9AE91AB90C6500ED0EC6 /* NSObject+SBJson.m */; };
		D1FE9B021AB90C6500ED0EC6 /* SBJsonParser.m in Sources */ = {isa = PBXBuildFile; fileRef = D1FE9AEC1AB90C6500ED0EC6 /* SBJsonParser.m */; };
		D1FE9B031AB90C6500ED0EC6 /* SBJsonStreamParser.m in Sources */ = {isa = PBXBuildFile; fileRef = D1FE9AEE1AB90C6500ED0EC6 /* SBJsonStreamParser.m */; };
		D1FE9B041AB90C6500ED0EC6 /* SBJsonStreamParserAccumulator.m in Sources */ = {isa = PBXBuildFile; fileRef = D1FE9AF01AB90C6500ED0EC6 /* SBJsonStreamParserAccumulator.m */; };
		D1FE9B051AB90C6500ED0EC6 /* SBJsonStreamParserAdapter.m in Sources */ = {isa = PBXBuildFile; fileRef = D1FE9AF21AB90C6500ED0EC6 /* SBJsonStreamParserAdapter.m */; };
		D1FE9B061AB90C6500ED0EC6 /* SBJsonStreamParserState.m in Sources */ = {isa = PBXBuildFile; fileRef = D1FE9AF41AB90C6500ED0EC6 /* SBJsonStreamParserState.m */; };
		D1FE9B071AB90C6500ED0EC6 /* SBJsonStreamWriter.m in Sources */ = {isa = PBXBuildFile; fileRef = D1FE9AF61AB90C6500ED0EC6 /* SBJsonStreamWriter.m */; };
		D1FE9B081AB90C6500ED0EC6 /* SBJsonStreamWriterAccumulator.m in Sources */ = {isa = PBXBuildFile; fileRef = D1FE9AF81AB90C6500ED0EC6 /* SBJsonStreamWriterAccumulator.m */; };
		D1FE9B091AB90C6500ED0EC6 /* SBJsonStreamWriterState.m in Sources */ = {isa = PBXBuildFile; fileRef = D1FE9AFA1AB90C6500ED0EC6 /* SBJsonStreamWriterState.m */; };
		D1FE9B0A1AB90C6500ED0EC6 /* SBJsonTokeniser.m in Sources */ = {isa = PBXBuildFile; fileRef = D1FE9AFC1AB90C6500ED0EC6 /* SBJsonTokeniser.m */; };
		D1FE9B0B1AB90C6500ED0EC6 /* SBJsonUTF8Stream.m in Sources */ = {isa = PBXBuildFile; fileRef = D1FE9AFE1AB90C6500ED0EC6 /* SBJsonUTF8Stream.m */; };
		D1FE9B0C1AB90C6500ED0EC6 /* SBJsonWriter.m in Sources */ = {isa = PBXBuildFile; fileRef = D1FE9B001AB90C6500ED0EC6 /* SBJsonWriter.m */; };
/* End PBXBuildFile section */

/* Begin PBXContainerItemProxy section */
		D1FE9AD61AB90B7F00ED0EC6 /* PBXContainerItemProxy */ = {
			isa = PBXContainerItemProxy;
			containerPortal = D1FE9AB11AB90B7F00ED0EC6 /* Project object */;
			proxyType = 1;
			remoteGlobalIDString = D1FE9AB81AB90B7F00ED0EC6;
			remoteInfo = "json Tutorial";
		};
/* End PBXContainerItemProxy section */

/* Begin PBXFileReference section */
		A209AC371AB912550088FF07 /* cellStudents.h */ = {isa = PBXFileReference; fileEncoding = 4; lastKnownFileType = sourcecode.c.h; path = cellStudents.h; sourceTree = "<group>"; };
		A209AC381AB912550088FF07 /* cellStudents.m */ = {isa = PBXFileReference; fileEncoding = 4; lastKnownFileType = sourcecode.c.objc; path = cellStudents.m; sourceTree = "<group>"; };
		A209AC391AB912550088FF07 /* cellStudents.xib */ = {isa = PBXFileReference; fileEncoding = 4; lastKnownFileType = file.xib; path = cellStudents.xib; sourceTree = "<group>"; };
		D1FE9AB91AB90B7F00ED0EC6 /* json Tutorial.app */ = {isa = PBXFileReference; explicitFileType = wrapper.application; includeInIndex = 0; path = "json Tutorial.app"; sourceTree = BUILT_PRODUCTS_DIR; };
		D1FE9ABD1AB90B7F00ED0EC6 /* Info.plist */ = {isa = PBXFileReference; lastKnownFileType = text.plist.xml; path = Info.plist; sourceTree = "<group>"; };
		D1FE9ABE1AB90B7F00ED0EC6 /* main.m */ = {isa = PBXFileReference; lastKnownFileType = sourcecode.c.objc; path = main.m; sourceTree = "<group>"; };
		D1FE9AC01AB90B7F00ED0EC6 /* AppDelegate.h */ = {isa = PBXFileReference; lastKnownFileType = sourcecode.c.h; path = AppDelegate.h; sourceTree = "<group>"; };
		D1FE9AC11AB90B7F00ED0EC6 /* AppDelegate.m */ = {isa = PBXFileReference; lastKnownFileType = sourcecode.c.objc; path = AppDelegate.m; sourceTree = "<group>"; };
		D1FE9AC41AB90B7F00ED0EC6 /* json_Tutorial.xcdatamodel */ = {isa = PBXFileReference; lastKnownFileType = wrapper.xcdatamodel; path = json_Tutorial.xcdatamodel; sourceTree = "<group>"; };
		D1FE9AC61AB90B7F00ED0EC6 /* ViewController.h */ = {isa = PBXFileReference; lastKnownFileType = sourcecode.c.h; path = ViewController.h; sourceTree = "<group>"; };
		D1FE9AC71AB90B7F00ED0EC6 /* ViewController.m */ = {isa = PBXFileReference; lastKnownFileType = sourcecode.c.objc; path = ViewController.m; sourceTree = "<group>"; };
		D1FE9ACA1AB90B7F00ED0EC6 /* Base */ = {isa = PBXFileReference; lastKnownFileType = file.storyboard; name = Base; path = Base.lproj/Main.storyboard; sourceTree = "<group>"; };
		D1FE9ACC1AB90B7F00ED0EC6 /* Images.xcassets */ = {isa = PBXFileReference; lastKnownFileType = folder.assetcatalog; path = Images.xcassets; sourceTree = "<group>"; };
		D1FE9ACF1AB90B7F00ED0EC6 /* Base */ = {isa = PBXFileReference; lastKnownFileType = file.xib; name = Base; path = Base.lproj/LaunchScreen.xib; sourceTree = "<group>"; };
		D1FE9AD51AB90B7F00ED0EC6 /* json TutorialTests.xctest */ = {isa = PBXFileReference; explicitFileType = wrapper.cfbundle; includeInIndex = 0; path = "json TutorialTests.xctest"; sourceTree = BUILT_PRODUCTS_DIR; };
		D1FE9ADA1AB90B7F00ED0EC6 /* Info.plist */ = {isa = PBXFileReference; lastKnownFileType = text.plist.xml; path = Info.plist; sourceTree = "<group>"; };
		D1FE9ADB1AB90B7F00ED0EC6 /* json_TutorialTests.m */ = {isa = PBXFileReference; lastKnownFileType = sourcecode.c.objc; path = json_TutorialTests.m; sourceTree = "<group>"; };
		D1FE9AE81AB90C6500ED0EC6 /* NSObject+SBJson.h */ = {isa = PBXFileReference; fileEncoding = 4; lastKnownFileType = sourcecode.c.h; path = "NSObject+SBJson.h"; sourceTree = "<group>"; };
		D1FE9AE91AB90C6500ED0EC6 /* NSObject+SBJson.m */ = {isa = PBXFileReference; fileEncoding = 4; lastKnownFileType = sourcecode.c.objc; path = "NSObject+SBJson.m"; sourceTree = "<group>"; };
		D1FE9AEA1AB90C6500ED0EC6 /* SBJson.h */ = {isa = PBXFileReference; fileEncoding = 4; lastKnownFileType = sourcecode.c.h; path = SBJson.h; sourceTree = "<group>"; };
		D1FE9AEB1AB90C6500ED0EC6 /* SBJsonParser.h */ = {isa = PBXFileReference; fileEncoding = 4; lastKnownFileType = sourcecode.c.h; path = SBJsonParser.h; sourceTree = "<group>"; };
		D1FE9AEC1AB90C6500ED0EC6 /* SBJsonParser.m */ = {isa = PBXFileReference; fileEncoding = 4; lastKnownFileType = sourcecode.c.objc; path = SBJsonParser.m; sourceTree = "<group>"; };
		D1FE9AED1AB90C6500ED0EC6 /* SBJsonStreamParser.h */ = {isa = PBXFileReference; fileEncoding = 4; lastKnownFileType = sourcecode.c.h; path = SBJsonStreamParser.h; sourceTree = "<group>"; };
		D1FE9AEE1AB90C6500ED0EC6 /* SBJsonStreamParser.m */ = {isa = PBXFileReference; fileEncoding = 4; lastKnownFileType = sourcecode.c.objc; path = SBJsonStreamParser.m; sourceTree = "<group>"; };
		D1FE9AEF1AB90C6500ED0EC6 /* SBJsonStreamParserAccumulator.h */ = {isa = PBXFileReference; fileEncoding = 4; lastKnownFileType = sourcecode.c.h; path = SBJsonStreamParserAccumulator.h; sourceTree = "<group>"; };
		D1FE9AF01AB90C6500ED0EC6 /* SBJsonStreamParserAccumulator.m */ = {isa = PBXFileReference; fileEncoding = 4; lastKnownFileType = sourcecode.c.objc; path = SBJsonStreamParserAccumulator.m; sourceTree = "<group>"; };
		D1FE9AF11AB90C6500ED0EC6 /* SBJsonStreamParserAdapter.h */ = {isa = PBXFileReference; fileEncoding = 4; lastKnownFileType = sourcecode.c.h; path = SBJsonStreamParserAdapter.h; sourceTree = "<group>"; };
		D1FE9AF21AB90C6500ED0EC6 /* SBJsonStreamParserAdapter.m */ = {isa = PBXFileReference; fileEncoding = 4; lastKnownFileType = sourcecode.c.objc; path = SBJsonStreamParserAdapter.m; sourceTree = "<group>"; };
		D1FE9AF31AB90C6500ED0EC6 /* SBJsonStreamParserState.h */ = {isa = PBXFileReference; fileEncoding = 4; lastKnownFileType = sourcecode.c.h; path = SBJsonStreamParserState.h; sourceTree = "<group>"; };
		D1FE9AF41AB90C6500ED0EC6 /* SBJsonStreamParserState.m */ = {isa = PBXFileReference; fileEncoding = 4; lastKnownFileType = sourcecode.c.objc; path = SBJsonStreamParserState.m; sourceTree = "<group>"; };
		D1FE9AF51AB90C6500ED0EC6 /* SBJsonStreamWriter.h */ = {isa = PBXFileReference; fileEncoding = 4; lastKnownFileType = sourcecode.c.h; path = SBJsonStreamWriter.h; sourceTree = "<group>"; };
		D1FE9AF61AB90C6500ED0EC6 /* SBJsonStreamWriter.m */ = {isa = PBXFileReference; fileEncoding = 4; lastKnownFileType = sourcecode.c.objc; path = SBJsonStreamWriter.m; sourceTree = "<group>"; };
		D1FE9AF71AB90C6500ED0EC6 /* SBJsonStreamWriterAccumulator.h */ = {isa = PBXFileReference; fileEncoding = 4; lastKnownFileType = sourcecode.c.h; path = SBJsonStreamWriterAccumulator.h; sourceTree = "<group>"; };
		D1FE9AF81AB90C6500ED0EC6 /* SBJsonStreamWriterAccumulator.m */ = {isa = PBXFileReference; fileEncoding = 4; lastKnownFileType = sourcecode.c.objc; path = SBJsonStreamWriterAccumulator.m; sourceTree = "<group>"; };
		D1FE9AF91AB90C6500ED0EC6 /* SBJsonStreamWriterState.h */ = {isa = PBXFileReference; fileEncoding = 4; lastKnownFileType = sourcecode.c.h; path = SBJsonStreamWriterState.h; sourceTree = "<group>"; };
		D1FE9AFA1AB90C6500ED0EC6 /* SBJsonStreamWriterState.m */ = {isa = PBXFileReference; fileEncoding = 4; lastKnownFileType = sourcecode.c.objc; path = SBJsonStreamWriterState.m; sourceTree = "<group>"; };
		D1FE9AFB1AB90C6500ED0EC6 /* SBJsonTokeniser.h */ = {isa = PBXFileReference; fileEncoding = 4; lastKnownFileType = sourcecode.c.h; path = SBJsonTokeniser.h; sourceTree = "<group>"; };
		D1FE9AFC1AB90C6500ED0EC6 /* SBJsonTokeniser.m */ = {isa = PBXFileReference; fileEncoding = 4; lastKnownFileType = sourcecode.c.objc; path = SBJsonTokeniser.m; sourceTree = "<group>"; };
		D1FE9AFD1AB90C6500ED0EC6 /* SBJsonUTF8Stream.h */ = {isa = PBXFileReference; fileEncoding = 4; lastKnownFileType = sourcecode.c.h; path = SBJsonUTF8Stream.h; sourceTree = "<group>"; };
		D1FE9AFE1AB90C6500ED0EC6 /* SBJsonUTF8Stream.m */ = {isa = PBXFileReference; fileEncoding = 4; lastKnownFileType = sourcecode.c.objc; path = SBJsonUTF8Stream.m; sourceTree = "<group>"; };
		D1FE9AFF1AB90C6500ED0EC6 /* SBJsonWriter.h */ = {isa = PBXFileReference; fileEncoding = 4; lastKnownFileType = sourcecode.c.h; path = SBJsonWriter.h; sourceTree = "<group>"; };
		D1FE9B001AB90C6500ED0EC6 /* SBJsonWriter.m */ = {isa = PBXFileReference; fileEncoding = 4; lastKnownFileType = sourcecode.c.objc; path = SBJsonWriter.m; sourceTree = "<group>"; };
/* End PBXFileReference section */

/* Begin PBXFrameworksBuildPhase section */
		D1FE9AB61AB90B7F00ED0EC6 /* Frameworks */ = {
			isa = PBXFrameworksBuildPhase;
			buildActionMask = 2147483647;
			files = (
			);
			runOnlyForDeploymentPostprocessing = 0;
		};
		D1FE9AD21AB90B7F00ED0EC6 /* Frameworks */ = {
			isa = PBXFrameworksBuildPhase;
			buildActionMask = 2147483647;
			files = (
			);
			runOnlyForDeploymentPostprocessing = 0;
		};
/* End PBXFrameworksBuildPhase section */

/* Begin PBXGroup section */
		A209AC361AB9120B0088FF07 /* Cells */ = {
			isa = PBXGroup;
			children = (
				A209AC371AB912550088FF07 /* cellStudents.h */,
				A209AC381AB912550088FF07 /* cellStudents.m */,
				A209AC391AB912550088FF07 /* cellStudents.xib */,
			);
			name = Cells;
			sourceTree = "<group>";
		};
		D1FE9AB01AB90B7F00ED0EC6 = {
			isa = PBXGroup;
			children = (
				D1FE9ABB1AB90B7F00ED0EC6 /* json Tutorial */,
				D1FE9AD81AB90B7F00ED0EC6 /* json TutorialTests */,
				D1FE9ABA1AB90B7F00ED0EC6 /* Products */,
			);
			sourceTree = "<group>";
		};
		D1FE9ABA1AB90B7F00ED0EC6 /* Products */ = {
			isa = PBXGroup;
			children = (
				D1FE9AB91AB90B7F00ED0EC6 /* json Tutorial.app */,
				D1FE9AD51AB90B7F00ED0EC6 /* json TutorialTests.xctest */,
			);
			name = Products;
			sourceTree = "<group>";
		};
		D1FE9ABB1AB90B7F00ED0EC6 /* json Tutorial */ = {
			isa = PBXGroup;
			children = (
				A209AC361AB9120B0088FF07 /* Cells */,
				D1FE9AE71AB90C6500ED0EC6 /* json */,
				D1FE9AE61AB90BF700ED0EC6 /* Main */,
				D1FE9AE51AB90BE700ED0EC6 /* Controllers */,
				D1FE9AC91AB90B7F00ED0EC6 /* Main.storyboard */,
				D1FE9ACC1AB90B7F00ED0EC6 /* Images.xcassets */,
				D1FE9ACE1AB90B7F00ED0EC6 /* LaunchScreen.xib */,
				D1FE9AC31AB90B7F00ED0EC6 /* json_Tutorial.xcdatamodeld */,
				D1FE9ABC1AB90B7F00ED0EC6 /* Supporting Files */,
			);
			path = "json Tutorial";
			sourceTree = "<group>";
		};
		D1FE9ABC1AB90B7F00ED0EC6 /* Supporting Files */ = {
			isa = PBXGroup;
			children = (
				D1FE9ABD1AB90B7F00ED0EC6 /* Info.plist */,
				D1FE9ABE1AB90B7F00ED0EC6 /* main.m */,
			);
			name = "Supporting Files";
			sourceTree = "<group>";
		};
		D1FE9AD81AB90B7F00ED0EC6 /* json TutorialTests */ = {
			isa = PBXGroup;
			children = (
				D1FE9ADB1AB90B7F00ED0EC6 /* json_TutorialTests.m */,
				D1FE9AD91AB90B7F00ED0EC6 /* Supporting Files */,
			);
			path = "json TutorialTests";
			sourceTree = "<group>";
		};
		D1FE9AD91AB90B7F00ED0EC6 /* Supporting Files */ = {
			isa = PBXGroup;
			children = (
				D1FE9ADA1AB90B7F00ED0EC6 /* Info.plist */,
			);
			name = "Supporting Files";
			sourceTree = "<group>";
		};
		D1FE9AE51AB90BE700ED0EC6 /* Controllers */ = {
			isa = PBXGroup;
			children = (
				D1FE9AC61AB90B7F00ED0EC6 /* ViewController.h */,
				D1FE9AC71AB90B7F00ED0EC6 /* ViewController.m */,
			);
			name = Controllers;
			sourceTree = "<group>";
		};
		D1FE9AE61AB90BF700ED0EC6 /* Main */ = {
			isa = PBXGroup;
			children = (
				D1FE9AC01AB90B7F00ED0EC6 /* AppDelegate.h */,
				D1FE9AC11AB90B7F00ED0EC6 /* AppDelegate.m */,
			);
			name = Main;
			sourceTree = "<group>";
		};
		D1FE9AE71AB90C6500ED0EC6 /* json */ = {
			isa = PBXGroup;
			children = (
				D1FE9AE81AB90C6500ED0EC6 /* NSObject+SBJson.h */,
				D1FE9AE91AB90C6500ED0EC6 /* NSObject+SBJson.m */,
				D1FE9AEA1AB90C6500ED0EC6 /* SBJson.h */,
				D1FE9AEB1AB90C6500ED0EC6 /* SBJsonParser.h */,
				D1FE9AEC1AB90C6500ED0EC6 /* SBJsonParser.m */,
				D1FE9AED1AB90C6500ED0EC6 /* SBJsonStreamParser.h */,
				D1FE9AEE1AB90C6500ED0EC6 /* SBJsonStreamParser.m */,
				D1FE9AEF1AB90C6500ED0EC6 /* SBJsonStreamParserAccumulator.h */,
				D1FE9AF01AB90C6500ED0EC6 /* SBJsonStreamParserAccumulator.m */,
				D1FE9AF11AB90C6500ED0EC6 /* SBJsonStreamParserAdapter.h */,
				D1FE9AF21AB90C6500ED0EC6 /* SBJsonStreamParserAdapter.m */,
				D1FE9AF31AB90C6500ED0EC6 /* SBJsonStreamParserState.h */,
				D1FE9AF41AB90C6500ED0EC6 /* SBJsonStreamParserState.m */,
				D1FE9AF51AB90C6500ED0EC6 /* SBJsonStreamWriter.h */,
				D1FE9AF61AB90C6500ED0EC6 /* SBJsonStreamWriter.m */,
				D1FE9AF71AB90C6500ED0EC6 /* SBJsonStreamWriterAccumulator.h */,
				D1FE9AF81AB90C6500ED0EC6 /* SBJsonStreamWriterAccumulator.m */,
				D1FE9AF91AB90C6500ED0EC6 /* SBJsonStreamWriterState.h */,
				D1FE9AFA1AB90C6500ED0EC6 /* SBJsonStreamWriterState.m */,
				D1FE9AFB1AB90C6500ED0EC6 /* SBJsonTokeniser.h */,
				D1FE9AFC1AB90C6500ED0EC6 /* SBJsonTokeniser.m */,
				D1FE9AFD1AB90C6500ED0EC6 /* SBJsonUTF8Stream.h */,
				D1FE9AFE1AB90C6500ED0EC6 /* SBJsonUTF8Stream.m */,
				D1FE9AFF1AB90C6500ED0EC6 /* SBJsonWriter.h */,
				D1FE9B001AB90C6500ED0EC6 /* SBJsonWriter.m */,
			);
			path = json;
			sourceTree = "<group>";
		};
/* End PBXGroup section */

/* Begin PBXNativeTarget section */
		D1FE9AB81AB90B7F00ED0EC6 /* json Tutorial */ = {
			isa = PBXNativeTarget;
			buildConfigurationList = D1FE9ADF1AB90B7F00ED0EC6 /* Build configuration list for PBXNativeTarget "json Tutorial" */;
			buildPhases = (
				D1FE9AB51AB90B7F00ED0EC6 /* Sources */,
				D1FE9AB61AB90B7F00ED0EC6 /* Frameworks */,
				D1FE9AB71AB90B7F00ED0EC6 /* Resources */,
			);
			buildRules = (
			);
			dependencies = (
			);
			name = "json Tutorial";
			productName = "json Tutorial";
			productReference = D1FE9AB91AB90B7F00ED0EC6 /* json Tutorial.app */;
			productType = "com.apple.product-type.application";
		};
		D1FE9AD41AB90B7F00ED0EC6 /* json TutorialTests */ = {
			isa = PBXNativeTarget;
			buildConfigurationList = D1FE9AE21AB90B7F00ED0EC6 /* Build configuration list for PBXNativeTarget "json TutorialTests" */;
			buildPhases = (
				D1FE9AD11AB90B7F00ED0EC6 /* Sources */,
				D1FE9AD21AB90B7F00ED0EC6 /* Frameworks */,
				D1FE9AD31AB90B7F00ED0EC6 /* Resources */,
			);
			buildRules = (
			);
			dependencies = (
				D1FE9AD71AB90B7F00ED0EC6 /* PBXTargetDependency */,
			);
			name = "json TutorialTests";
			productName = "json TutorialTests";
			productReference = D1FE9AD51AB90B7F00ED0EC6 /* json TutorialTests.xctest */;
			productType = "com.apple.product-type.bundle.unit-test";
		};
/* End PBXNativeTarget section */

/* Begin PBXProject section */
		D1FE9AB11AB90B7F00ED0EC6 /* Project object */ = {
			isa = PBXProject;
			attributes = {
				LastUpgradeCheck = 0620;
				ORGANIZATIONNAME = Smartplace;
				TargetAttributes = {
					D1FE9AB81AB90B7F00ED0EC6 = {
						CreatedOnToolsVersion = 6.2;
					};
					D1FE9AD41AB90B7F00ED0EC6 = {
						CreatedOnToolsVersion = 6.2;
						TestTargetID = D1FE9AB81AB90B7F00ED0EC6;
					};
				};
			};
			buildConfigurationList = D1FE9AB41AB90B7F00ED0EC6 /* Build configuration list for PBXProject "json Tutorial" */;
			compatibilityVersion = "Xcode 3.2";
			developmentRegion = English;
			hasScannedForEncodings = 0;
			knownRegions = (
				en,
				Base,
			);
			mainGroup = D1FE9AB01AB90B7F00ED0EC6;
			productRefGroup = D1FE9ABA1AB90B7F00ED0EC6 /* Products */;
			projectDirPath = "";
			projectRoot = "";
			targets = (
				D1FE9AB81AB90B7F00ED0EC6 /* json Tutorial */,
				D1FE9AD41AB90B7F00ED0EC6 /* json TutorialTests */,
			);
		};
/* End PBXProject section */

/* Begin PBXResourcesBuildPhase section */
		D1FE9AB71AB90B7F00ED0EC6 /* Resources */ = {
			isa = PBXResourcesBuildPhase;
			buildActionMask = 2147483647;
			files = (
				D1FE9ACB1AB90B7F00ED0EC6 /* Main.storyboard in Resources */,
				D1FE9AD01AB90B7F00ED0EC6 /* LaunchScreen.xib in Resources */,
				D1FE9ACD1AB90B7F00ED0EC6 /* Images.xcassets in Resources */,
				A209AC3B1AB912550088FF07 /* cellStudents.xib in Resources */,
			);
			runOnlyForDeploymentPostprocessing = 0;
		};
		D1FE9AD31AB90B7F00ED0EC6 /* Resources */ = {
			isa = PBXResourcesBuildPhase;
			buildActionMask = 2147483647;
			files = (
			);
			runOnlyForDeploymentPostprocessing = 0;
		};
/* End PBXResourcesBuildPhase section */

/* Begin PBXSourcesBuildPhase section */
		D1FE9AB51AB90B7F00ED0EC6 /* Sources */ = {
			isa = PBXSourcesBuildPhase;
			buildActionMask = 2147483647;
			files = (
				A209AC3A1AB912550088FF07 /* cellStudents.m in Sources */,
				D1FE9AC21AB90B7F00ED0EC6 /* AppDelegate.m in Sources */,
				D1FE9AC51AB90B7F00ED0EC6 /* json_Tutorial.xcdatamodeld in Sources */,
				D1FE9B081AB90C6500ED0EC6 /* SBJsonStreamWriterAccumulator.m in Sources */,
				D1FE9B041AB90C6500ED0EC6 /* SBJsonStreamParserAccumulator.m in Sources */,
				D1FE9B061AB90C6500ED0EC6 /* SBJsonStreamParserState.m in Sources */,
				D1FE9B0C1AB90C6500ED0EC6 /* SBJsonWriter.m in Sources */,
				D1FE9AC81AB90B7F00ED0EC6 /* ViewController.m in Sources */,
				D1FE9B091AB90C6500ED0EC6 /* SBJsonStreamWriterState.m in Sources */,
				D1FE9B021AB90C6500ED0EC6 /* SBJsonParser.m in Sources */,
				D1FE9B0B1AB90C6500ED0EC6 /* SBJsonUTF8Stream.m in Sources */,
				D1FE9B031AB90C6500ED0EC6 /* SBJsonStreamParser.m in Sources */,
				D1FE9B0A1AB90C6500ED0EC6 /* SBJsonTokeniser.m in Sources */,
				D1FE9B011AB90C6500ED0EC6 /* NSObject+SBJson.m in Sources */,
				D1FE9ABF1AB90B7F00ED0EC6 /* main.m in Sources */,
				D1FE9B071AB90C6500ED0EC6 /* SBJsonStreamWriter.m in Sources */,
				D1FE9B051AB90C6500ED0EC6 /* SBJsonStreamParserAdapter.m in Sources */,
			);
			runOnlyForDeploymentPostprocessing = 0;
		};
		D1FE9AD11AB90B7F00ED0EC6 /* Sources */ = {
			isa = PBXSourcesBuildPhase;
			buildActionMask = 2147483647;
			files = (
				D1FE9ADC1AB90B7F00ED0EC6 /* json_TutorialTests.m in Sources */,
			);
			runOnlyForDeploymentPostprocessing = 0;
		};
/* End PBXSourcesBuildPhase section */

/* Begin PBXTargetDependency section */
		D1FE9AD71AB90B7F00ED0EC6 /* PBXTargetDependency */ = {
			isa = PBXTargetDependency;
			target = D1FE9AB81AB90B7F00ED0EC6 /* json Tutorial */;
			targetProxy = D1FE9AD61AB90B7F00ED0EC6 /* PBXContainerItemProxy */;
		};
/* End PBXTargetDependency section */

/* Begin PBXVariantGroup section */
		D1FE9AC91AB90B7F00ED0EC6 /* Main.storyboard */ = {
			isa = PBXVariantGroup;
			children = (
				D1FE9ACA1AB90B7F00ED0EC6 /* Base */,
			);
			name = Main.storyboard;
			sourceTree = "<group>";
		};
		D1FE9ACE1AB90B7F00ED0EC6 /* LaunchScreen.xib */ = {
			isa = PBXVariantGroup;
			children = (
				D1FE9ACF1AB90B7F00ED0EC6 /* Base */,
			);
			name = LaunchScreen.xib;
			sourceTree = "<group>";
		};
/* End PBXVariantGroup section */

/* Begin XCBuildConfiguration section */
		D1FE9ADD1AB90B7F00ED0EC6 /* Debug */ = {
			isa = XCBuildConfiguration;
			buildSettings = {
				ALWAYS_SEARCH_USER_PATHS = NO;
				CLANG_CXX_LANGUAGE_STANDARD = "gnu++0x";
				CLANG_CXX_LIBRARY = "libc++";
				CLANG_ENABLE_MODULES = YES;
				CLANG_ENABLE_OBJC_ARC = YES;
				CLANG_WARN_BOOL_CONVERSION = YES;
				CLANG_WARN_CONSTANT_CONVERSION = YES;
				CLANG_WARN_DIRECT_OBJC_ISA_USAGE = YES_ERROR;
				CLANG_WARN_EMPTY_BODY = YES;
				CLANG_WARN_ENUM_CONVERSION = YES;
				CLANG_WARN_INT_CONVERSION = YES;
				CLANG_WARN_OBJC_ROOT_CLASS = YES_ERROR;
				CLANG_WARN_UNREACHABLE_CODE = YES;
				CLANG_WARN__DUPLICATE_METHOD_MATCH = YES;
				"CODE_SIGN_IDENTITY[sdk=iphoneos*]" = "iPhone Developer";
				COPY_PHASE_STRIP = NO;
				ENABLE_STRICT_OBJC_MSGSEND = YES;
				GCC_C_LANGUAGE_STANDARD = gnu99;
				GCC_DYNAMIC_NO_PIC = NO;
				GCC_OPTIMIZATION_LEVEL = 0;
				GCC_PREPROCESSOR_DEFINITIONS = (
					"DEBUG=1",
					"$(inherited)",
				);
				GCC_SYMBOLS_PRIVATE_EXTERN = NO;
				GCC_WARN_64_TO_32_BIT_CONVERSION = YES;
				GCC_WARN_ABOUT_RETURN_TYPE = YES_ERROR;
				GCC_WARN_UNDECLARED_SELECTOR = YES;
				GCC_WARN_UNINITIALIZED_AUTOS = YES_AGGRESSIVE;
				GCC_WARN_UNUSED_FUNCTION = YES;
				GCC_WARN_UNUSED_VARIABLE = YES;
				IPHONEOS_DEPLOYMENT_TARGET = 8.2;
				MTL_ENABLE_DEBUG_INFO = YES;
				ONLY_ACTIVE_ARCH = YES;
				SDKROOT = iphoneos;
				TARGETED_DEVICE_FAMILY = "1,2";
			};
			name = Debug;
		};
		D1FE9ADE1AB90B7F00ED0EC6 /* Release */ = {
			isa = XCBuildConfiguration;
			buildSettings = {
				ALWAYS_SEARCH_USER_PATHS = NO;
				CLANG_CXX_LANGUAGE_STANDARD = "gnu++0x";
				CLANG_CXX_LIBRARY = "libc++";
				CLANG_ENABLE_MODULES = YES;
				CLANG_ENABLE_OBJC_ARC = YES;
				CLANG_WARN_BOOL_CONVERSION = YES;
				CLANG_WARN_CONSTANT_CONVERSION = YES;
				CLANG_WARN_DIRECT_OBJC_ISA_USAGE = YES_ERROR;
				CLANG_WARN_EMPTY_BODY = YES;
				CLANG_WARN_ENUM_CONVERSION = YES;
				CLANG_WARN_INT_CONVERSION = YES;
				CLANG_WARN_OBJC_ROOT_CLASS = YES_ERROR;
				CLANG_WARN_UNREACHABLE_CODE = YES;
				CLANG_WARN__DUPLICATE_METHOD_MATCH = YES;
				"CODE_SIGN_IDENTITY[sdk=iphoneos*]" = "iPhone Developer";
				COPY_PHASE_STRIP = NO;
				ENABLE_NS_ASSERTIONS = NO;
				ENABLE_STRICT_OBJC_MSGSEND = YES;
				GCC_C_LANGUAGE_STANDARD = gnu99;
				GCC_WARN_64_TO_32_BIT_CONVERSION = YES;
				GCC_WARN_ABOUT_RETURN_TYPE = YES_ERROR;
				GCC_WARN_UNDECLARED_SELECTOR = YES;
				GCC_WARN_UNINITIALIZED_AUTOS = YES_AGGRESSIVE;
				GCC_WARN_UNUSED_FUNCTION = YES;
				GCC_WARN_UNUSED_VARIABLE = YES;
				IPHONEOS_DEPLOYMENT_TARGET = 8.2;
				MTL_ENABLE_DEBUG_INFO = NO;
				SDKROOT = iphoneos;
				TARGETED_DEVICE_FAMILY = "1,2";
				VALIDATE_PRODUCT = YES;
			};
			name = Release;
		};
		D1FE9AE01AB90B7F00ED0EC6 /* Debug */ = {
			isa = XCBuildConfiguration;
			buildSettings = {
				ASSETCATALOG_COMPILER_APPICON_NAME = AppIcon;
				INFOPLIST_FILE = "json Tutorial/Info.plist";
				IPHONEOS_DEPLOYMENT_TARGET = 7.1;
				LD_RUNPATH_SEARCH_PATHS = "$(inherited) @executable_path/Frameworks";
				PRODUCT_NAME = "$(TARGET_NAME)";
			};
			name = Debug;
		};
		D1FE9AE11AB90B7F00ED0EC6 /* Release */ = {
			isa = XCBuildConfiguration;
			buildSettings = {
				ASSETCATALOG_COMPILER_APPICON_NAME = AppIcon;
				INFOPLIST_FILE = "json Tutorial/Info.plist";
				IPHONEOS_DEPLOYMENT_TARGET = 7.1;
				LD_RUNPATH_SEARCH_PATHS = "$(inherited) @executable_path/Frameworks";
				PRODUCT_NAME = "$(TARGET_NAME)";
			};
			name = Release;
		};
		D1FE9AE31AB90B7F00ED0EC6 /* Debug */ = {
			isa = XCBuildConfiguration;
			buildSettings = {
				BUNDLE_LOADER = "$(TEST_HOST)";
				FRAMEWORK_SEARCH_PATHS = (
					"$(SDKROOT)/Developer/Library/Frameworks",
					"$(inherited)",
				);
				GCC_PREPROCESSOR_DEFINITIONS = (
					"DEBUG=1",
					"$(inherited)",
				);
				INFOPLIST_FILE = "json TutorialTests/Info.plist";
				LD_RUNPATH_SEARCH_PATHS = "$(inherited) @executable_path/Frameworks @loader_path/Frameworks";
				PRODUCT_NAME = "$(TARGET_NAME)";
				TEST_HOST = "$(BUILT_PRODUCTS_DIR)/json Tutorial.app/json Tutorial";
			};
			name = Debug;
		};
		D1FE9AE41AB90B7F00ED0EC6 /* Release */ = {
			isa = XCBuildConfiguration;
			buildSettings = {
				BUNDLE_LOADER = "$(TEST_HOST)";
				FRAMEWORK_SEARCH_PATHS = (
					"$(SDKROOT)/Developer/Library/Frameworks",
					"$(inherited)",
				);
				INFOPLIST_FILE = "json TutorialTests/Info.plist";
				LD_RUNPATH_SEARCH_PATHS = "$(inherited) @executable_path/Frameworks @loader_path/Frameworks";
				PRODUCT_NAME = "$(TARGET_NAME)";
				TEST_HOST = "$(BUILT_PRODUCTS_DIR)/json Tutorial.app/json Tutorial";
			};
			name = Release;
		};
/* End XCBuildConfiguration section */

/* Begin XCConfigurationList section */
		D1FE9AB41AB90B7F00ED0EC6 /* Build configuration list for PBXProject "json Tutorial" */ = {
			isa = XCConfigurationList;
			buildConfigurations = (
				D1FE9ADD1AB90B7F00ED0EC6 /* Debug */,
				D1FE9ADE1AB90B7F00ED0EC6 /* Release */,
			);
			defaultConfigurationIsVisible = 0;
			defaultConfigurationName = Release;
		};
		D1FE9ADF1AB90B7F00ED0EC6 /* Build configuration list for PBXNativeTarget "json Tutorial" */ = {
			isa = XCConfigurationList;
			buildConfigurations = (
				D1FE9AE01AB90B7F00ED0EC6 /* Debug */,
				D1FE9AE11AB90B7F00ED0EC6 /* Release */,
			);
			defaultConfigurationIsVisible = 0;
			defaultConfigurationName = Release;
		};
		D1FE9AE21AB90B7F00ED0EC6 /* Build configuration list for PBXNativeTarget "json TutorialTests" */ = {
			isa = XCConfigurationList;
			buildConfigurations = (
				D1FE9AE31AB90B7F00ED0EC6 /* Debug */,
				D1FE9AE41AB90B7F00ED0EC6 /* Release */,
			);
			defaultConfigurationIsVisible = 0;
			defaultConfigurationName = Release;
		};
/* End XCConfigurationList section */

/* Begin XCVersionGroup section */
		D1FE9AC31AB90B7F00ED0EC6 /* json_Tutorial.xcdatamodeld */ = {
			isa = XCVersionGroup;
			children = (
				D1FE9AC41AB90B7F00ED0EC6 /* json_Tutorial.xcdatamodel */,
			);
			currentVersion = D1FE9AC41AB90B7F00ED0EC6 /* json_Tutorial.xcdatamodel */;
			path = json_Tutorial.xcdatamodeld;
			sourceTree = "<group>";
			versionGroupType = wrapper.xcdatamodel;
		};
/* End XCVersionGroup section */
	};
	rootObject = D1FE9AB11AB90B7F00ED0EC6 /* Project object */;
}
